
Microsoft Visual Studio Solution File, Format Version 12.00
# Visual Studio 15
VisualStudioVersion = 15.0.28307.421
MinimumVisualStudioVersion = 10.0.40219.1
Project("{FAE04EC0-301F-11D3-BF4B-00C04F79EFBC}") = "Nimbus", "Nimbus\Nimbus.csproj", "{9739A4EB-0151-4728-A5CB-89C154E8FA5A}"
EndProject
Global
	GlobalSection(SolutionConfigurationPlatforms) = preSolution
		Debug|Any CPU = Debug|Any CPU
		Release|Any CPU = Release|Any CPU
	EndGlobalSection
	GlobalSection(ProjectConfigurationPlatforms) = postSolution
		{9739A4EB-0151-4728-A5CB-89C154E8FA5A}.Debug|Any CPU.ActiveCfg = Debug|Any CPU
		{9739A4EB-0151-4728-A5CB-89C154E8FA5A}.Debug|Any CPU.Build.0 = Debug|Any CPU
		{9739A4EB-0151-4728-A5CB-89C154E8FA5A}.Release|Any CPU.ActiveCfg = Release|Any CPU
		{9739A4EB-0151-4728-A5CB-89C154E8FA5A}.Release|Any CPU.Build.0 = Release|Any CPU
	EndGlobalSection
	GlobalSection(SolutionProperties) = preSolution
		HideSolutionNode = FALSE
	EndGlobalSection
	GlobalSection(ExtensibilityGlobals) = postSolution
		SolutionGuid = {D86B7EC9-3533-4AAB-BD32-BBF45F6F16FB}
	EndGlobalSection
EndGlobal
